
Microsoft Visual Studio Solution File, Format Version 12.00
# Visual Studio 14
VisualStudioVersion = 14.0.24720.0
MinimumVisualStudioVersion = 10.0.40219.1
Project("{8BC9CEB8-8B4A-11D0-8D11-00A0C91BC942}") = "Outmoded", "Outmoded.vcxproj", "{521A3D52-C76B-4F58-A732-A306371DACA4}"
EndProject
Project("{8BC9CEB8-8B4A-11D0-8D11-00A0C91BC942}") = "TestHarness", "..\TestHarness\TestHarness.vcxproj", "{A8912A6A-D444-434C-AB9E-D52465B0D7FC}"
EndProject
Project("{2150E333-8FDC-42A3-9474-1A3956D46DE8}") = "Solution Items", "Solution Items", "{37F597D9-F582-4571-9210-522895F3C140}"
	ProjectSection(SolutionItems) = preProject
		..\.gitattributes = ..\.gitattributes
		..\.gitignore = ..\.gitignore
		..\README.md = ..\README.md
	EndProjectSection
EndProject
Global
	GlobalSection(SolutionConfigurationPlatforms) = preSolution
		Debug|x64 = Debug|x64
		Debug|x86 = Debug|x86
		Release|x64 = Release|x64
		Release|x86 = Release|x86
	EndGlobalSection
	GlobalSection(ProjectConfigurationPlatforms) = postSolution
		{521A3D52-C76B-4F58-A732-A306371DACA4}.Debug|x64.ActiveCfg = Debug|x64
		{521A3D52-C76B-4F58-A732-A306371DACA4}.Debug|x64.Build.0 = Debug|x64
		{521A3D52-C76B-4F58-A732-A306371DACA4}.Debug|x86.ActiveCfg = Debug|Win32
		{521A3D52-C76B-4F58-A732-A306371DACA4}.Debug|x86.Build.0 = Debug|Win32
		{521A3D52-C76B-4F58-A732-A306371DACA4}.Release|x64.ActiveCfg = Release|x64
		{521A3D52-C76B-4F58-A732-A306371DACA4}.Release|x64.Build.0 = Release|x64
		{521A3D52-C76B-4F58-A732-A306371DACA4}.Release|x86.ActiveCfg = Release|Win32
		{521A3D52-C76B-4F58-A732-A306371DACA4}.Release|x86.Build.0 = Release|Win32
		{A8912A6A-D444-434C-AB9E-D52465B0D7FC}.Debug|x64.ActiveCfg = Debug|x64
		{A8912A6A-D444-434C-AB9E-D52465B0D7FC}.Debug|x64.Build.0 = Debug|x64
		{A8912A6A-D444-434C-AB9E-D52465B0D7FC}.Debug|x86.ActiveCfg = Debug|Win32
		{A8912A6A-D444-434C-AB9E-D52465B0D7FC}.Debug|x86.Build.0 = Debug|Win32
		{A8912A6A-D444-434C-AB9E-D52465B0D7FC}.Release|x64.ActiveCfg = Release|x64
		{A8912A6A-D444-434C-AB9E-D52465B0D7FC}.Release|x64.Build.0 = Release|x64
		{A8912A6A-D444-434C-AB9E-D52465B0D7FC}.Release|x86.ActiveCfg = Release|Win32
		{A8912A6A-D444-434C-AB9E-D52465B0D7FC}.Release|x86.Build.0 = Release|Win32
	EndGlobalSection
	GlobalSection(SolutionProperties) = preSolution
		HideSolutionNode = FALSE
	EndGlobalSection
EndGlobal
